// !$*UTF8*$!
{
	archiveVersion = 1;
	classes = {
	};
	objectVersion = 56;
	objects = {

/* Begin PBXBuildFile section */
		7D099818298FD5E900419671 /* SignInVC.swift in Sources */ = {isa = PBXBuildFile; fileRef = 7D099817298FD5E900419671 /* SignInVC.swift */; };
		7D09981A298FD5F800419671 /* SignUpVC.swift in Sources */ = {isa = PBXBuildFile; fileRef = 7D099819298FD5F800419671 /* SignUpVC.swift */; };
		7D09981C298FDDA100419671 /* UIView+Extension.swift in Sources */ = {isa = PBXBuildFile; fileRef = 7D09981B298FDDA100419671 /* UIView+Extension.swift */; };
		7D255D9829620C3A00A63F53 /* UIColor+Extension.swift in Sources */ = {isa = PBXBuildFile; fileRef = 7D255D9729620C3A00A63F53 /* UIColor+Extension.swift */; };
		7D255D99296220FC00A63F53 /* LaunchScreen.storyboard in Resources */ = {isa = PBXBuildFile; fileRef = 7D7A2A6429354AFA00360F1D /* LaunchScreen.storyboard */; };
		7D3478982940610900C37006 /* CustomPopup.swift in Sources */ = {isa = PBXBuildFile; fileRef = 7D3478972940610900C37006 /* CustomPopup.swift */; };
		7D3E052B297FA43A005A1D1E /* NavigationHelper.swift in Sources */ = {isa = PBXBuildFile; fileRef = 7D3E052A297FA43A005A1D1E /* NavigationHelper.swift */; };
		7D3E052F297FA671005A1D1E /* SearchVC.swift in Sources */ = {isa = PBXBuildFile; fileRef = 7D3E052E297FA671005A1D1E /* SearchVC.swift */; };
		7D3E0531297FA6A8005A1D1E /* ProfileVC.swift in Sources */ = {isa = PBXBuildFile; fileRef = 7D3E0530297FA6A8005A1D1E /* ProfileVC.swift */; };
		7D3E05392980F5F2005A1D1E /* UIAccessibleIdentifiers.swift in Sources */ = {isa = PBXBuildFile; fileRef = 7D64E98229695DBE00866DC8 /* UIAccessibleIdentifiers.swift */; };
		7D3E053C2986838B005A1D1E /* SearchModel.swift in Sources */ = {isa = PBXBuildFile; fileRef = 7D3E053B2986838B005A1D1E /* SearchModel.swift */; };
		7D3E053E2986839C005A1D1E /* SearchViewModel.swift in Sources */ = {isa = PBXBuildFile; fileRef = 7D3E053D2986839C005A1D1E /* SearchViewModel.swift */; };
		7D3E054029868B61005A1D1E /* SearchService.swift in Sources */ = {isa = PBXBuildFile; fileRef = 7D3E053F29868B61005A1D1E /* SearchService.swift */; };
		7D4BE0AB296B565C0008E053 /* MovieDetailService.swift in Sources */ = {isa = PBXBuildFile; fileRef = 7D4BE0AA296B565C0008E053 /* MovieDetailService.swift */; };
		7D50E56529430639009ECF75 /* UIViewController+Extension.swift in Sources */ = {isa = PBXBuildFile; fileRef = 7D50E56429430639009ECF75 /* UIViewController+Extension.swift */; };
		7D51B9FB299E708100E76925 /* GifLoader.swift in Sources */ = {isa = PBXBuildFile; fileRef = 7D51B9FA299E708100E76925 /* GifLoader.swift */; };
		7D51BA01299E76DD00E76925 /* johnny.gif in Resources */ = {isa = PBXBuildFile; fileRef = 7D51BA00299E76DD00E76925 /* johnny.gif */; };
		7D51BA03299E7EF000E76925 /* AccountCell.swift in Sources */ = {isa = PBXBuildFile; fileRef = 7D51BA02299E7EF000E76925 /* AccountCell.swift */; };
		7D64E98329695DBE00866DC8 /* UIAccessibleIdentifiers.swift in Sources */ = {isa = PBXBuildFile; fileRef = 7D64E98229695DBE00866DC8 /* UIAccessibleIdentifiers.swift */; };
		7D7A2A5A29354AF900360F1D /* AppDelegate.swift in Sources */ = {isa = PBXBuildFile; fileRef = 7D7A2A5929354AF900360F1D /* AppDelegate.swift */; };
		7D7A2A5C29354AF900360F1D /* SceneDelegate.swift in Sources */ = {isa = PBXBuildFile; fileRef = 7D7A2A5B29354AF900360F1D /* SceneDelegate.swift */; };
		7D7A2A6329354AFA00360F1D /* Assets.xcassets in Resources */ = {isa = PBXBuildFile; fileRef = 7D7A2A6229354AFA00360F1D /* Assets.xcassets */; };
		7D7A2A6629354AFA00360F1D /* LaunchScreen.storyboard in Resources */ = {isa = PBXBuildFile; fileRef = 7D7A2A6429354AFA00360F1D /* LaunchScreen.storyboard */; };
		7D7A2A8E29354C7600360F1D /* SnapKit in Frameworks */ = {isa = PBXBuildFile; productRef = 7D7A2A8D29354C7600360F1D /* SnapKit */; };
		7D7A2A9129354C8400360F1D /* Alamofire in Frameworks */ = {isa = PBXBuildFile; productRef = 7D7A2A9029354C8400360F1D /* Alamofire */; };
		7D7A2AA02935507600360F1D /* APIURLs.swift in Sources */ = {isa = PBXBuildFile; fileRef = 7D7A2A9F2935507600360F1D /* APIURLs.swift */; };
		7D7A2AA2293550D100360F1D /* MovieService.swift in Sources */ = {isa = PBXBuildFile; fileRef = 7D7A2AA1293550D100360F1D /* MovieService.swift */; };
		7D7A2AA4293550EB00360F1D /* MovieModel.swift in Sources */ = {isa = PBXBuildFile; fileRef = 7D7A2AA3293550EB00360F1D /* MovieModel.swift */; };
		7D7A2AA6293550F900360F1D /* MovieDetailModel.swift in Sources */ = {isa = PBXBuildFile; fileRef = 7D7A2AA5293550F900360F1D /* MovieDetailModel.swift */; };
		7D7A2AA82935513D00360F1D /* MovieViewModel.swift in Sources */ = {isa = PBXBuildFile; fileRef = 7D7A2AA72935513D00360F1D /* MovieViewModel.swift */; };
		7D7A2AAD2935525400360F1D /* MovieVC.swift in Sources */ = {isa = PBXBuildFile; fileRef = 7D7A2AAC2935525400360F1D /* MovieVC.swift */; };
		7D7A2AAF2935526D00360F1D /* MovieDetailVC.swift in Sources */ = {isa = PBXBuildFile; fileRef = 7D7A2AAE2935526D00360F1D /* MovieDetailVC.swift */; };
		7D7A2AB3293552E300360F1D /* MovieCell.swift in Sources */ = {isa = PBXBuildFile; fileRef = 7D7A2AB2293552E300360F1D /* MovieCell.swift */; };
		7D7EB10F2959FB8D00903D37 /* MovieDetailViewModel.swift in Sources */ = {isa = PBXBuildFile; fileRef = 7D7EB10E2959FB8D00903D37 /* MovieDetailViewModel.swift */; };
		7D7EB114295A0AE300903D37 /* CGFloat+Extension.swift in Sources */ = {isa = PBXBuildFile; fileRef = 7D7EB113295A0AE300903D37 /* CGFloat+Extension.swift */; };
		7DA05DA929695B92002D2684 /* UITestHelper.swift in Sources */ = {isa = PBXBuildFile; fileRef = 7DA05DA829695B92002D2684 /* UITestHelper.swift */; };
		7DCCE41929936BAF00C72078 /* GoogleService-Info.plist in Resources */ = {isa = PBXBuildFile; fileRef = 7DCCE41829936BAF00C72078 /* GoogleService-Info.plist */; };
		7DCCE4292998318E00C72078 /* AccountVC.swift in Sources */ = {isa = PBXBuildFile; fileRef = 7DCCE4282998318E00C72078 /* AccountVC.swift */; };
		7DD355092937F79800294D6B /* Kingfisher in Frameworks */ = {isa = PBXBuildFile; productRef = 7DD355082937F79800294D6B /* Kingfisher */; };
		7DD3550C293949C600294D6B /* CustomButton.swift in Sources */ = {isa = PBXBuildFile; fileRef = 7DD3550B293949C600294D6B /* CustomButton.swift */; };
		7DE29837299CBE70008495F4 /* AuthManager.swift in Sources */ = {isa = PBXBuildFile; fileRef = 7DE29836299CBE70008495F4 /* AuthManager.swift */; };
		7DE2983A299CBFDE008495F4 /* FirebaseAuth in Frameworks */ = {isa = PBXBuildFile; productRef = 7DE29839299CBFDE008495F4 /* FirebaseAuth */; };
		7DE2983C299CBFDE008495F4 /* FirebaseDatabase in Frameworks */ = {isa = PBXBuildFile; productRef = 7DE2983B299CBFDE008495F4 /* FirebaseDatabase */; };
		7DE2983E299CBFDE008495F4 /* FirebaseFirestore in Frameworks */ = {isa = PBXBuildFile; productRef = 7DE2983D299CBFDE008495F4 /* FirebaseFirestore */; };
		7DE29840299CBFDE008495F4 /* FirebaseStorage in Frameworks */ = {isa = PBXBuildFile; productRef = 7DE2983F299CBFDE008495F4 /* FirebaseStorage */; };
		7DE29843299CC4FF008495F4 /* DatabaseManager.swift in Sources */ = {isa = PBXBuildFile; fileRef = 7DE29842299CC4FF008495F4 /* DatabaseManager.swift */; };
		7DE29845299CC50A008495F4 /* StorageManager.swift in Sources */ = {isa = PBXBuildFile; fileRef = 7DE29844299CC50A008495F4 /* StorageManager.swift */; };
		7DE29847299D2B4E008495F4 /* SignHeaderView.swift in Sources */ = {isa = PBXBuildFile; fileRef = 7DE29846299D2B4E008495F4 /* SignHeaderView.swift */; };
		7DED1463295D58610018F7A3 /* MovieUITest.swift in Sources */ = {isa = PBXBuildFile; fileRef = 7DED1462295D58610018F7A3 /* MovieUITest.swift */; };
		7DED1465295D58810018F7A3 /* MovieDetailUITest.swift in Sources */ = {isa = PBXBuildFile; fileRef = 7DED1464295D58810018F7A3 /* MovieDetailUITest.swift */; };
		7DED1469295D5E350018F7A3 /* UITestLocators.swift in Sources */ = {isa = PBXBuildFile; fileRef = 7DED1468295D5E350018F7A3 /* UITestLocators.swift */; };
/* End PBXBuildFile section */

/* Begin PBXContainerItemProxy section */
		7D7A2A7729354AFA00360F1D /* PBXContainerItemProxy */ = {
			isa = PBXContainerItemProxy;
			containerPortal = 7D7A2A4E29354AF900360F1D /* Project object */;
			proxyType = 1;
			remoteGlobalIDString = 7D7A2A5529354AF900360F1D;
			remoteInfo = MovieAppForCS;
		};
/* End PBXContainerItemProxy section */

/* Begin PBXFileReference section */
		7D099817298FD5E900419671 /* SignInVC.swift */ = {isa = PBXFileReference; lastKnownFileType = sourcecode.swift; path = SignInVC.swift; sourceTree = "<group>"; };
		7D099819298FD5F800419671 /* SignUpVC.swift */ = {isa = PBXFileReference; lastKnownFileType = sourcecode.swift; path = SignUpVC.swift; sourceTree = "<group>"; };
		7D09981B298FDDA100419671 /* UIView+Extension.swift */ = {isa = PBXFileReference; lastKnownFileType = sourcecode.swift; path = "UIView+Extension.swift"; sourceTree = "<group>"; };
		7D255D9729620C3A00A63F53 /* UIColor+Extension.swift */ = {isa = PBXFileReference; lastKnownFileType = sourcecode.swift; path = "UIColor+Extension.swift"; sourceTree = "<group>"; };
		7D3478972940610900C37006 /* CustomPopup.swift */ = {isa = PBXFileReference; lastKnownFileType = sourcecode.swift; path = CustomPopup.swift; sourceTree = "<group>"; };
		7D3E052A297FA43A005A1D1E /* NavigationHelper.swift */ = {isa = PBXFileReference; lastKnownFileType = sourcecode.swift; path = NavigationHelper.swift; sourceTree = "<group>"; };
		7D3E052E297FA671005A1D1E /* SearchVC.swift */ = {isa = PBXFileReference; lastKnownFileType = sourcecode.swift; path = SearchVC.swift; sourceTree = "<group>"; };
		7D3E0530297FA6A8005A1D1E /* ProfileVC.swift */ = {isa = PBXFileReference; lastKnownFileType = sourcecode.swift; path = ProfileVC.swift; sourceTree = "<group>"; };
		7D3E053B2986838B005A1D1E /* SearchModel.swift */ = {isa = PBXFileReference; lastKnownFileType = sourcecode.swift; path = SearchModel.swift; sourceTree = "<group>"; };
		7D3E053D2986839C005A1D1E /* SearchViewModel.swift */ = {isa = PBXFileReference; lastKnownFileType = sourcecode.swift; path = SearchViewModel.swift; sourceTree = "<group>"; };
		7D3E053F29868B61005A1D1E /* SearchService.swift */ = {isa = PBXFileReference; lastKnownFileType = sourcecode.swift; path = SearchService.swift; sourceTree = "<group>"; };
		7D4BE0AA296B565C0008E053 /* MovieDetailService.swift */ = {isa = PBXFileReference; lastKnownFileType = sourcecode.swift; path = MovieDetailService.swift; sourceTree = "<group>"; };
		7D50E56429430639009ECF75 /* UIViewController+Extension.swift */ = {isa = PBXFileReference; lastKnownFileType = sourcecode.swift; path = "UIViewController+Extension.swift"; sourceTree = "<group>"; };
		7D51B9FA299E708100E76925 /* GifLoader.swift */ = {isa = PBXFileReference; lastKnownFileType = sourcecode.swift; path = GifLoader.swift; sourceTree = "<group>"; };
		7D51BA00299E76DD00E76925 /* johnny.gif */ = {isa = PBXFileReference; lastKnownFileType = image.gif; path = johnny.gif; sourceTree = "<group>"; };
		7D51BA02299E7EF000E76925 /* AccountCell.swift */ = {isa = PBXFileReference; lastKnownFileType = sourcecode.swift; path = AccountCell.swift; sourceTree = "<group>"; };
		7D64E98229695DBE00866DC8 /* UIAccessibleIdentifiers.swift */ = {isa = PBXFileReference; fileEncoding = 4; lastKnownFileType = sourcecode.swift; path = UIAccessibleIdentifiers.swift; sourceTree = "<group>"; };
		7D7A2A5629354AF900360F1D /* MovieAppForCS.app */ = {isa = PBXFileReference; explicitFileType = wrapper.application; includeInIndex = 0; path = MovieAppForCS.app; sourceTree = BUILT_PRODUCTS_DIR; };
		7D7A2A5929354AF900360F1D /* AppDelegate.swift */ = {isa = PBXFileReference; lastKnownFileType = sourcecode.swift; path = AppDelegate.swift; sourceTree = "<group>"; };
		7D7A2A5B29354AF900360F1D /* SceneDelegate.swift */ = {isa = PBXFileReference; lastKnownFileType = sourcecode.swift; path = SceneDelegate.swift; sourceTree = "<group>"; };
		7D7A2A6229354AFA00360F1D /* Assets.xcassets */ = {isa = PBXFileReference; lastKnownFileType = folder.assetcatalog; path = Assets.xcassets; sourceTree = "<group>"; };
		7D7A2A6529354AFA00360F1D /* Base */ = {isa = PBXFileReference; lastKnownFileType = file.storyboard; name = Base; path = Base.lproj/LaunchScreen.storyboard; sourceTree = "<group>"; };
		7D7A2A6729354AFA00360F1D /* Info.plist */ = {isa = PBXFileReference; lastKnownFileType = text.plist.xml; path = Info.plist; sourceTree = "<group>"; };
		7D7A2A7629354AFA00360F1D /* MovieAppForCSUITests.xctest */ = {isa = PBXFileReference; explicitFileType = wrapper.cfbundle; includeInIndex = 0; path = MovieAppForCSUITests.xctest; sourceTree = BUILT_PRODUCTS_DIR; };
		7D7A2A9F2935507600360F1D /* APIURLs.swift */ = {isa = PBXFileReference; lastKnownFileType = sourcecode.swift; path = APIURLs.swift; sourceTree = "<group>"; };
		7D7A2AA1293550D100360F1D /* MovieService.swift */ = {isa = PBXFileReference; lastKnownFileType = sourcecode.swift; path = MovieService.swift; sourceTree = "<group>"; };
		7D7A2AA3293550EB00360F1D /* MovieModel.swift */ = {isa = PBXFileReference; lastKnownFileType = sourcecode.swift; path = MovieModel.swift; sourceTree = "<group>"; };
		7D7A2AA5293550F900360F1D /* MovieDetailModel.swift */ = {isa = PBXFileReference; lastKnownFileType = sourcecode.swift; path = MovieDetailModel.swift; sourceTree = "<group>"; };
		7D7A2AA72935513D00360F1D /* MovieViewModel.swift */ = {isa = PBXFileReference; lastKnownFileType = sourcecode.swift; path = MovieViewModel.swift; sourceTree = "<group>"; };
		7D7A2AAC2935525400360F1D /* MovieVC.swift */ = {isa = PBXFileReference; lastKnownFileType = sourcecode.swift; path = MovieVC.swift; sourceTree = "<group>"; };
		7D7A2AAE2935526D00360F1D /* MovieDetailVC.swift */ = {isa = PBXFileReference; lastKnownFileType = sourcecode.swift; path = MovieDetailVC.swift; sourceTree = "<group>"; };
		7D7A2AB2293552E300360F1D /* MovieCell.swift */ = {isa = PBXFileReference; lastKnownFileType = sourcecode.swift; path = MovieCell.swift; sourceTree = "<group>"; };
		7D7EB10E2959FB8D00903D37 /* MovieDetailViewModel.swift */ = {isa = PBXFileReference; lastKnownFileType = sourcecode.swift; path = MovieDetailViewModel.swift; sourceTree = "<group>"; };
		7D7EB113295A0AE300903D37 /* CGFloat+Extension.swift */ = {isa = PBXFileReference; lastKnownFileType = sourcecode.swift; path = "CGFloat+Extension.swift"; sourceTree = "<group>"; };
		7DA05DA829695B92002D2684 /* UITestHelper.swift */ = {isa = PBXFileReference; lastKnownFileType = sourcecode.swift; path = UITestHelper.swift; sourceTree = "<group>"; };
		7DCCE41829936BAF00C72078 /* GoogleService-Info.plist */ = {isa = PBXFileReference; fileEncoding = 4; lastKnownFileType = text.plist.xml; path = "GoogleService-Info.plist"; sourceTree = "<group>"; };
		7DCCE4282998318E00C72078 /* AccountVC.swift */ = {isa = PBXFileReference; lastKnownFileType = sourcecode.swift; path = AccountVC.swift; sourceTree = "<group>"; };
		7DD3550B293949C600294D6B /* CustomButton.swift */ = {isa = PBXFileReference; lastKnownFileType = sourcecode.swift; path = CustomButton.swift; sourceTree = "<group>"; };
		7DE29836299CBE70008495F4 /* AuthManager.swift */ = {isa = PBXFileReference; lastKnownFileType = sourcecode.swift; path = AuthManager.swift; sourceTree = "<group>"; };
		7DE29842299CC4FF008495F4 /* DatabaseManager.swift */ = {isa = PBXFileReference; lastKnownFileType = sourcecode.swift; path = DatabaseManager.swift; sourceTree = "<group>"; };
		7DE29844299CC50A008495F4 /* StorageManager.swift */ = {isa = PBXFileReference; lastKnownFileType = sourcecode.swift; path = StorageManager.swift; sourceTree = "<group>"; };
		7DE29846299D2B4E008495F4 /* SignHeaderView.swift */ = {isa = PBXFileReference; lastKnownFileType = sourcecode.swift; path = SignHeaderView.swift; sourceTree = "<group>"; };
		7DED1462295D58610018F7A3 /* MovieUITest.swift */ = {isa = PBXFileReference; lastKnownFileType = sourcecode.swift; path = MovieUITest.swift; sourceTree = "<group>"; };
		7DED1464295D58810018F7A3 /* MovieDetailUITest.swift */ = {isa = PBXFileReference; lastKnownFileType = sourcecode.swift; path = MovieDetailUITest.swift; sourceTree = "<group>"; };
		7DED1468295D5E350018F7A3 /* UITestLocators.swift */ = {isa = PBXFileReference; lastKnownFileType = sourcecode.swift; path = UITestLocators.swift; sourceTree = "<group>"; };
/* End PBXFileReference section */

/* Begin PBXFrameworksBuildPhase section */
		7D7A2A5329354AF900360F1D /* Frameworks */ = {
			isa = PBXFrameworksBuildPhase;
			buildActionMask = 2147483647;
			files = (
				7DE2983C299CBFDE008495F4 /* FirebaseDatabase in Frameworks */,
				7DD355092937F79800294D6B /* Kingfisher in Frameworks */,
				7D7A2A8E29354C7600360F1D /* SnapKit in Frameworks */,
				7D7A2A9129354C8400360F1D /* Alamofire in Frameworks */,
				7DE29840299CBFDE008495F4 /* FirebaseStorage in Frameworks */,
				7DE2983A299CBFDE008495F4 /* FirebaseAuth in Frameworks */,
				7DE2983E299CBFDE008495F4 /* FirebaseFirestore in Frameworks */,
			);
			runOnlyForDeploymentPostprocessing = 0;
		};
		7D7A2A7329354AFA00360F1D /* Frameworks */ = {
			isa = PBXFrameworksBuildPhase;
			buildActionMask = 2147483647;
			files = (
			);
			runOnlyForDeploymentPostprocessing = 0;
		};
/* End PBXFrameworksBuildPhase section */

/* Begin PBXGroup section */
		7D3E052C297FA620005A1D1E /* SearchScreen */ = {
			isa = PBXGroup;
			children = (
				7D3E053B2986838B005A1D1E /* SearchModel.swift */,
				7D3E052E297FA671005A1D1E /* SearchVC.swift */,
				7D3E053D2986839C005A1D1E /* SearchViewModel.swift */,
			);
			path = SearchScreen;
			sourceTree = "<group>";
		};
		7D3E052D297FA63A005A1D1E /* AccountScreen */ = {
			isa = PBXGroup;
			children = (
				7DCCE4282998318E00C72078 /* AccountVC.swift */,
				7D099817298FD5E900419671 /* SignInVC.swift */,
				7D099819298FD5F800419671 /* SignUpVC.swift */,
				7D3E0530297FA6A8005A1D1E /* ProfileVC.swift */,
				7DE29846299D2B4E008495F4 /* SignHeaderView.swift */,
			);
			path = AccountScreen;
			sourceTree = "<group>";
		};
		7D3E05342980F2A4005A1D1E /* Cells */ = {
			isa = PBXGroup;
			children = (
				7D7A2AB2293552E300360F1D /* MovieCell.swift */,
				7D51BA02299E7EF000E76925 /* AccountCell.swift */,
			);
			path = Cells;
			sourceTree = "<group>";
		};
		7D3E05352980F2B0005A1D1E /* Customs */ = {
			isa = PBXGroup;
			children = (
				7D3478972940610900C37006 /* CustomPopup.swift */,
				7DD3550B293949C600294D6B /* CustomButton.swift */,
			);
			path = Customs;
			sourceTree = "<group>";
		};
		7D50E56829433427009ECF75 /* Screens */ = {
			isa = PBXGroup;
			children = (
				7D7EB10D2959FA9F00903D37 /* Components */,
				7D3E052C297FA620005A1D1E /* SearchScreen */,
				7D50E56A294334DD009ECF75 /* MovieScreen */,
				7D7EB1092959FA0200903D37 /* MovieDetailScreen */,
				7D3E052D297FA63A005A1D1E /* AccountScreen */,
			);
			path = Screens;
			sourceTree = "<group>";
		};
		7D50E5692943344C009ECF75 /* Extensions */ = {
			isa = PBXGroup;
			children = (
				7D50E56429430639009ECF75 /* UIViewController+Extension.swift */,
				7D255D9729620C3A00A63F53 /* UIColor+Extension.swift */,
				7D7EB113295A0AE300903D37 /* CGFloat+Extension.swift */,
				7D09981B298FDDA100419671 /* UIView+Extension.swift */,
			);
			path = Extensions;
			sourceTree = "<group>";
		};
		7D50E56A294334DD009ECF75 /* MovieScreen */ = {
			isa = PBXGroup;
			children = (
				7D7A2AA3293550EB00360F1D /* MovieModel.swift */,
				7D7A2AAC2935525400360F1D /* MovieVC.swift */,
				7D7A2AA72935513D00360F1D /* MovieViewModel.swift */,
			);
			path = MovieScreen;
			sourceTree = "<group>";
		};
		7D51BA04299E81F900E76925 /* Gifs */ = {
			isa = PBXGroup;
			children = (
				7D51B9FA299E708100E76925 /* GifLoader.swift */,
				7D51BA00299E76DD00E76925 /* johnny.gif */,
			);
			path = Gifs;
			sourceTree = "<group>";
		};
		7D7A2A4D29354AF900360F1D = {
			isa = PBXGroup;
			children = (
				7D7A2A5829354AF900360F1D /* MovieAppForCS */,
				7D7A2A7929354AFA00360F1D /* MovieAppForCSUITests */,
				7D7A2A5729354AF900360F1D /* Products */,
			);
			sourceTree = "<group>";
		};
		7D7A2A5729354AF900360F1D /* Products */ = {
			isa = PBXGroup;
			children = (
				7D7A2A5629354AF900360F1D /* MovieAppForCS.app */,
				7D7A2A7629354AFA00360F1D /* MovieAppForCSUITests.xctest */,
			);
			name = Products;
			sourceTree = "<group>";
		};
		7D7A2A5829354AF900360F1D /* MovieAppForCS */ = {
			isa = PBXGroup;
			children = (
				7DE29841299CC4DA008495F4 /* Managers */,
				7D7EB1072959F83F00903D37 /* Utilities */,
				7D7A2A9A29354DF800360F1D /* Services */,
				7D50E5692943344C009ECF75 /* Extensions */,
				7D50E56829433427009ECF75 /* Screens */,
				7D7A2A9529354D5100360F1D /* Core */,
			);
			path = MovieAppForCS;
			sourceTree = "<group>";
		};
		7D7A2A7929354AFA00360F1D /* MovieAppForCSUITests */ = {
			isa = PBXGroup;
			children = (
				7DED1468295D5E350018F7A3 /* UITestLocators.swift */,
				7DA05DA829695B92002D2684 /* UITestHelper.swift */,
				7DED1462295D58610018F7A3 /* MovieUITest.swift */,
				7DED1464295D58810018F7A3 /* MovieDetailUITest.swift */,
			);
			path = MovieAppForCSUITests;
			sourceTree = "<group>";
		};
		7D7A2A9529354D5100360F1D /* Core */ = {
			isa = PBXGroup;
			children = (
				7D7A2A5929354AF900360F1D /* AppDelegate.swift */,
				7D7A2A5B29354AF900360F1D /* SceneDelegate.swift */,
				7D7A2A6429354AFA00360F1D /* LaunchScreen.storyboard */,
				7DCCE41829936BAF00C72078 /* GoogleService-Info.plist */,
				7D7A2A6729354AFA00360F1D /* Info.plist */,
				7D7A2A6229354AFA00360F1D /* Assets.xcassets */,
			);
			path = Core;
			sourceTree = "<group>";
		};
		7D7A2A9A29354DF800360F1D /* Services */ = {
			isa = PBXGroup;
			children = (
				7D3E053F29868B61005A1D1E /* SearchService.swift */,
				7D7A2AA1293550D100360F1D /* MovieService.swift */,
				7D4BE0AA296B565C0008E053 /* MovieDetailService.swift */,
			);
			path = Services;
			sourceTree = "<group>";
		};
		7D7EB1072959F83F00903D37 /* Utilities */ = {
			isa = PBXGroup;
			children = (
				7D7A2A9F2935507600360F1D /* APIURLs.swift */,
				7D64E98229695DBE00866DC8 /* UIAccessibleIdentifiers.swift */,
				7D3E052A297FA43A005A1D1E /* NavigationHelper.swift */,
				7D51BA04299E81F900E76925 /* Gifs */,
			);
			path = Utilities;
			sourceTree = "<group>";
		};
		7D7EB1092959FA0200903D37 /* MovieDetailScreen */ = {
			isa = PBXGroup;
			children = (
				7D7A2AA5293550F900360F1D /* MovieDetailModel.swift */,
				7D7A2AAE2935526D00360F1D /* MovieDetailVC.swift */,
				7D7EB10E2959FB8D00903D37 /* MovieDetailViewModel.swift */,
			);
			path = MovieDetailScreen;
			sourceTree = "<group>";
		};
		7D7EB10D2959FA9F00903D37 /* Components */ = {
			isa = PBXGroup;
			children = (
				7D3E05352980F2B0005A1D1E /* Customs */,
				7D3E05342980F2A4005A1D1E /* Cells */,
			);
			path = Components;
			sourceTree = "<group>";
		};
		7DE29841299CC4DA008495F4 /* Managers */ = {
			isa = PBXGroup;
			children = (
				7DE29842299CC4FF008495F4 /* DatabaseManager.swift */,
				7DE29836299CBE70008495F4 /* AuthManager.swift */,
				7DE29844299CC50A008495F4 /* StorageManager.swift */,
			);
			path = Managers;
			sourceTree = "<group>";
		};
/* End PBXGroup section */

/* Begin PBXNativeTarget section */
		7D7A2A5529354AF900360F1D /* MovieAppForCS */ = {
			isa = PBXNativeTarget;
			buildConfigurationList = 7D7A2A8029354AFA00360F1D /* Build configuration list for PBXNativeTarget "MovieAppForCS" */;
			buildPhases = (
				7D7A2A5229354AF900360F1D /* Sources */,
				7D7A2A5329354AF900360F1D /* Frameworks */,
				7D7A2A5429354AF900360F1D /* Resources */,
			);
			buildRules = (
			);
			dependencies = (
			);
			name = MovieAppForCS;
			packageProductDependencies = (
				7D7A2A8D29354C7600360F1D /* SnapKit */,
				7D7A2A9029354C8400360F1D /* Alamofire */,
				7DD355082937F79800294D6B /* Kingfisher */,
				7DE29839299CBFDE008495F4 /* FirebaseAuth */,
				7DE2983B299CBFDE008495F4 /* FirebaseDatabase */,
				7DE2983D299CBFDE008495F4 /* FirebaseFirestore */,
				7DE2983F299CBFDE008495F4 /* FirebaseStorage */,
			);
			productName = MovieAppForCS;
			productReference = 7D7A2A5629354AF900360F1D /* MovieAppForCS.app */;
			productType = "com.apple.product-type.application";
		};
		7D7A2A7529354AFA00360F1D /* MovieAppForCSUITests */ = {
			isa = PBXNativeTarget;
			buildConfigurationList = 7D7A2A8629354AFA00360F1D /* Build configuration list for PBXNativeTarget "MovieAppForCSUITests" */;
			buildPhases = (
				7D7A2A7229354AFA00360F1D /* Sources */,
				7D7A2A7329354AFA00360F1D /* Frameworks */,
				7D7A2A7429354AFA00360F1D /* Resources */,
			);
			buildRules = (
			);
			dependencies = (
				7D7A2A7829354AFA00360F1D /* PBXTargetDependency */,
			);
			name = MovieAppForCSUITests;
			productName = MovieAppForCSUITests;
			productReference = 7D7A2A7629354AFA00360F1D /* MovieAppForCSUITests.xctest */;
			productType = "com.apple.product-type.bundle.ui-testing";
		};
/* End PBXNativeTarget section */

/* Begin PBXProject section */
		7D7A2A4E29354AF900360F1D /* Project object */ = {
			isa = PBXProject;
			attributes = {
				BuildIndependentTargetsInParallel = 1;
				LastSwiftUpdateCheck = 1400;
				LastUpgradeCheck = 1400;
				TargetAttributes = {
					7D7A2A5529354AF900360F1D = {
						CreatedOnToolsVersion = 14.0;
					};
					7D7A2A7529354AFA00360F1D = {
						CreatedOnToolsVersion = 14.0;
						TestTargetID = 7D7A2A5529354AF900360F1D;
					};
				};
			};
			buildConfigurationList = 7D7A2A5129354AF900360F1D /* Build configuration list for PBXProject "MovieAppForCS" */;
			compatibilityVersion = "Xcode 14.0";
			developmentRegion = en;
			hasScannedForEncodings = 0;
			knownRegions = (
				en,
				Base,
			);
			mainGroup = 7D7A2A4D29354AF900360F1D;
			packageReferences = (
				7D7A2A8C29354C7600360F1D /* XCRemoteSwiftPackageReference "SnapKit" */,
				7D7A2A8F29354C8400360F1D /* XCRemoteSwiftPackageReference "Alamofire" */,
				7DD355072937F79800294D6B /* XCRemoteSwiftPackageReference "Kingfisher" */,
				7DE29838299CBFDE008495F4 /* XCRemoteSwiftPackageReference "firebase-ios-sdk" */,
			);
			productRefGroup = 7D7A2A5729354AF900360F1D /* Products */;
			projectDirPath = "";
			projectRoot = "";
			targets = (
				7D7A2A5529354AF900360F1D /* MovieAppForCS */,
				7D7A2A7529354AFA00360F1D /* MovieAppForCSUITests */,
			);
		};
/* End PBXProject section */

/* Begin PBXResourcesBuildPhase section */
		7D7A2A5429354AF900360F1D /* Resources */ = {
			isa = PBXResourcesBuildPhase;
			buildActionMask = 2147483647;
			files = (
				7D7A2A6629354AFA00360F1D /* LaunchScreen.storyboard in Resources */,
				7D7A2A6329354AFA00360F1D /* Assets.xcassets in Resources */,
				7D51BA01299E76DD00E76925 /* johnny.gif in Resources */,
				7DCCE41929936BAF00C72078 /* GoogleService-Info.plist in Resources */,
			);
			runOnlyForDeploymentPostprocessing = 0;
		};
		7D7A2A7429354AFA00360F1D /* Resources */ = {
			isa = PBXResourcesBuildPhase;
			buildActionMask = 2147483647;
			files = (
				7D255D99296220FC00A63F53 /* LaunchScreen.storyboard in Resources */,
			);
			runOnlyForDeploymentPostprocessing = 0;
		};
/* End PBXResourcesBuildPhase section */

/* Begin PBXSourcesBuildPhase section */
		7D7A2A5229354AF900360F1D /* Sources */ = {
			isa = PBXSourcesBuildPhase;
			buildActionMask = 2147483647;
			files = (
				7D7A2AA4293550EB00360F1D /* MovieModel.swift in Sources */,
				7D4BE0AB296B565C0008E053 /* MovieDetailService.swift in Sources */,
				7DE29843299CC4FF008495F4 /* DatabaseManager.swift in Sources */,
				7D51B9FB299E708100E76925 /* GifLoader.swift in Sources */,
				7DE29837299CBE70008495F4 /* AuthManager.swift in Sources */,
				7D7EB114295A0AE300903D37 /* CGFloat+Extension.swift in Sources */,
				7D7A2AAD2935525400360F1D /* MovieVC.swift in Sources */,
				7D64E98329695DBE00866DC8 /* UIAccessibleIdentifiers.swift in Sources */,
				7D7A2A5A29354AF900360F1D /* AppDelegate.swift in Sources */,
				7D7EB10F2959FB8D00903D37 /* MovieDetailViewModel.swift in Sources */,
				7D7A2A5C29354AF900360F1D /* SceneDelegate.swift in Sources */,
				7D51BA03299E7EF000E76925 /* AccountCell.swift in Sources */,
				7D7A2AA82935513D00360F1D /* MovieViewModel.swift in Sources */,
				7D099818298FD5E900419671 /* SignInVC.swift in Sources */,
				7D3E0531297FA6A8005A1D1E /* ProfileVC.swift in Sources */,
				7D7A2AA2293550D100360F1D /* MovieService.swift in Sources */,
				7D09981C298FDDA100419671 /* UIView+Extension.swift in Sources */,
				7D3E052F297FA671005A1D1E /* SearchVC.swift in Sources */,
				7D3E052B297FA43A005A1D1E /* NavigationHelper.swift in Sources */,
				7D3478982940610900C37006 /* CustomPopup.swift in Sources */,
				7D3E053E2986839C005A1D1E /* SearchViewModel.swift in Sources */,
				7D7A2AA02935507600360F1D /* APIURLs.swift in Sources */,
				7DD3550C293949C600294D6B /* CustomButton.swift in Sources */,
				7D50E56529430639009ECF75 /* UIViewController+Extension.swift in Sources */,
				7DE29845299CC50A008495F4 /* StorageManager.swift in Sources */,
				7D3E053C2986838B005A1D1E /* SearchModel.swift in Sources */,
				7D7A2AAF2935526D00360F1D /* MovieDetailVC.swift in Sources */,
				7D255D9829620C3A00A63F53 /* UIColor+Extension.swift in Sources */,
				7D3E054029868B61005A1D1E /* SearchService.swift in Sources */,
				7DCCE4292998318E00C72078 /* AccountVC.swift in Sources */,
				7D7A2AB3293552E300360F1D /* MovieCell.swift in Sources */,
				7DE29847299D2B4E008495F4 /* SignHeaderView.swift in Sources */,
				7D7A2AA6293550F900360F1D /* MovieDetailModel.swift in Sources */,
				7D09981A298FD5F800419671 /* SignUpVC.swift in Sources */,
			);
			runOnlyForDeploymentPostprocessing = 0;
		};
		7D7A2A7229354AFA00360F1D /* Sources */ = {
			isa = PBXSourcesBuildPhase;
			buildActionMask = 2147483647;
			files = (
				7DED1465295D58810018F7A3 /* MovieDetailUITest.swift in Sources */,
				7DED1463295D58610018F7A3 /* MovieUITest.swift in Sources */,
				7DED1469295D5E350018F7A3 /* UITestLocators.swift in Sources */,
				7D3E05392980F5F2005A1D1E /* UIAccessibleIdentifiers.swift in Sources */,
				7DA05DA929695B92002D2684 /* UITestHelper.swift in Sources */,
			);
			runOnlyForDeploymentPostprocessing = 0;
		};
/* End PBXSourcesBuildPhase section */

/* Begin PBXTargetDependency section */
		7D7A2A7829354AFA00360F1D /* PBXTargetDependency */ = {
			isa = PBXTargetDependency;
			target = 7D7A2A5529354AF900360F1D /* MovieAppForCS */;
			targetProxy = 7D7A2A7729354AFA00360F1D /* PBXContainerItemProxy */;
		};
/* End PBXTargetDependency section */

/* Begin PBXVariantGroup section */
		7D7A2A6429354AFA00360F1D /* LaunchScreen.storyboard */ = {
			isa = PBXVariantGroup;
			children = (
				7D7A2A6529354AFA00360F1D /* Base */,
			);
			name = LaunchScreen.storyboard;
			sourceTree = "<group>";
		};
/* End PBXVariantGroup section */

/* Begin XCBuildConfiguration section */
		7D7A2A7E29354AFA00360F1D /* Debug */ = {
			isa = XCBuildConfiguration;
			buildSettings = {
				ALWAYS_SEARCH_USER_PATHS = NO;
				CLANG_ANALYZER_NONNULL = YES;
				CLANG_ANALYZER_NUMBER_OBJECT_CONVERSION = YES_AGGRESSIVE;
				CLANG_CXX_LANGUAGE_STANDARD = "gnu++20";
				CLANG_ENABLE_MODULES = YES;
				CLANG_ENABLE_OBJC_ARC = YES;
				CLANG_ENABLE_OBJC_WEAK = YES;
				CLANG_WARN_BLOCK_CAPTURE_AUTORELEASING = YES;
				CLANG_WARN_BOOL_CONVERSION = YES;
				CLANG_WARN_COMMA = YES;
				CLANG_WARN_CONSTANT_CONVERSION = YES;
				CLANG_WARN_DEPRECATED_OBJC_IMPLEMENTATIONS = YES;
				CLANG_WARN_DIRECT_OBJC_ISA_USAGE = YES_ERROR;
				CLANG_WARN_DOCUMENTATION_COMMENTS = YES;
				CLANG_WARN_EMPTY_BODY = YES;
				CLANG_WARN_ENUM_CONVERSION = YES;
				CLANG_WARN_INFINITE_RECURSION = YES;
				CLANG_WARN_INT_CONVERSION = YES;
				CLANG_WARN_NON_LITERAL_NULL_CONVERSION = YES;
				CLANG_WARN_OBJC_IMPLICIT_RETAIN_SELF = YES;
				CLANG_WARN_OBJC_LITERAL_CONVERSION = YES;
				CLANG_WARN_OBJC_ROOT_CLASS = YES_ERROR;
				CLANG_WARN_QUOTED_INCLUDE_IN_FRAMEWORK_HEADER = YES;
				CLANG_WARN_RANGE_LOOP_ANALYSIS = YES;
				CLANG_WARN_STRICT_PROTOTYPES = YES;
				CLANG_WARN_SUSPICIOUS_MOVE = YES;
				CLANG_WARN_UNGUARDED_AVAILABILITY = YES_AGGRESSIVE;
				CLANG_WARN_UNREACHABLE_CODE = YES;
				CLANG_WARN__DUPLICATE_METHOD_MATCH = YES;
				COPY_PHASE_STRIP = NO;
				DEBUG_INFORMATION_FORMAT = dwarf;
				ENABLE_STRICT_OBJC_MSGSEND = YES;
				ENABLE_TESTABILITY = YES;
				GCC_C_LANGUAGE_STANDARD = gnu11;
				GCC_DYNAMIC_NO_PIC = NO;
				GCC_NO_COMMON_BLOCKS = YES;
				GCC_OPTIMIZATION_LEVEL = 0;
				GCC_PREPROCESSOR_DEFINITIONS = (
					"DEBUG=1",
					"$(inherited)",
				);
				GCC_WARN_64_TO_32_BIT_CONVERSION = YES;
				GCC_WARN_ABOUT_RETURN_TYPE = YES_ERROR;
				GCC_WARN_UNDECLARED_SELECTOR = YES;
				GCC_WARN_UNINITIALIZED_AUTOS = YES_AGGRESSIVE;
				GCC_WARN_UNUSED_FUNCTION = YES;
				GCC_WARN_UNUSED_VARIABLE = YES;
				IPHONEOS_DEPLOYMENT_TARGET = 15.0;
				MTL_ENABLE_DEBUG_INFO = INCLUDE_SOURCE;
				MTL_FAST_MATH = YES;
				ONLY_ACTIVE_ARCH = YES;
				SDKROOT = iphoneos;
				SWIFT_ACTIVE_COMPILATION_CONDITIONS = DEBUG;
				SWIFT_OPTIMIZATION_LEVEL = "-Onone";
			};
			name = Debug;
		};
		7D7A2A7F29354AFA00360F1D /* Release */ = {
			isa = XCBuildConfiguration;
			buildSettings = {
				ALWAYS_SEARCH_USER_PATHS = NO;
				CLANG_ANALYZER_NONNULL = YES;
				CLANG_ANALYZER_NUMBER_OBJECT_CONVERSION = YES_AGGRESSIVE;
				CLANG_CXX_LANGUAGE_STANDARD = "gnu++20";
				CLANG_ENABLE_MODULES = YES;
				CLANG_ENABLE_OBJC_ARC = YES;
				CLANG_ENABLE_OBJC_WEAK = YES;
				CLANG_WARN_BLOCK_CAPTURE_AUTORELEASING = YES;
				CLANG_WARN_BOOL_CONVERSION = YES;
				CLANG_WARN_COMMA = YES;
				CLANG_WARN_CONSTANT_CONVERSION = YES;
				CLANG_WARN_DEPRECATED_OBJC_IMPLEMENTATIONS = YES;
				CLANG_WARN_DIRECT_OBJC_ISA_USAGE = YES_ERROR;
				CLANG_WARN_DOCUMENTATION_COMMENTS = YES;
				CLANG_WARN_EMPTY_BODY = YES;
				CLANG_WARN_ENUM_CONVERSION = YES;
				CLANG_WARN_INFINITE_RECURSION = YES;
				CLANG_WARN_INT_CONVERSION = YES;
				CLANG_WARN_NON_LITERAL_NULL_CONVERSION = YES;
				CLANG_WARN_OBJC_IMPLICIT_RETAIN_SELF = YES;
				CLANG_WARN_OBJC_LITERAL_CONVERSION = YES;
				CLANG_WARN_OBJC_ROOT_CLASS = YES_ERROR;
				CLANG_WARN_QUOTED_INCLUDE_IN_FRAMEWORK_HEADER = YES;
				CLANG_WARN_RANGE_LOOP_ANALYSIS = YES;
				CLANG_WARN_STRICT_PROTOTYPES = YES;
				CLANG_WARN_SUSPICIOUS_MOVE = YES;
				CLANG_WARN_UNGUARDED_AVAILABILITY = YES_AGGRESSIVE;
				CLANG_WARN_UNREACHABLE_CODE = YES;
				CLANG_WARN__DUPLICATE_METHOD_MATCH = YES;
				COPY_PHASE_STRIP = NO;
				DEBUG_INFORMATION_FORMAT = "dwarf-with-dsym";
				ENABLE_NS_ASSERTIONS = NO;
				ENABLE_STRICT_OBJC_MSGSEND = YES;
				GCC_C_LANGUAGE_STANDARD = gnu11;
				GCC_NO_COMMON_BLOCKS = YES;
				GCC_WARN_64_TO_32_BIT_CONVERSION = YES;
				GCC_WARN_ABOUT_RETURN_TYPE = YES_ERROR;
				GCC_WARN_UNDECLARED_SELECTOR = YES;
				GCC_WARN_UNINITIALIZED_AUTOS = YES_AGGRESSIVE;
				GCC_WARN_UNUSED_FUNCTION = YES;
				GCC_WARN_UNUSED_VARIABLE = YES;
				IPHONEOS_DEPLOYMENT_TARGET = 15.0;
				MTL_ENABLE_DEBUG_INFO = NO;
				MTL_FAST_MATH = YES;
				SDKROOT = iphoneos;
				SWIFT_COMPILATION_MODE = wholemodule;
				SWIFT_OPTIMIZATION_LEVEL = "-O";
				VALIDATE_PRODUCT = YES;
			};
			name = Release;
		};
		7D7A2A8129354AFA00360F1D /* Debug */ = {
			isa = XCBuildConfiguration;
			buildSettings = {
				ASSETCATALOG_COMPILER_APPICON_NAME = AppIcon;
				ASSETCATALOG_COMPILER_GLOBAL_ACCENT_COLOR_NAME = AccentColor;
				CODE_SIGN_STYLE = Automatic;
				CURRENT_PROJECT_VERSION = 1;
				DEVELOPMENT_TEAM = 38M3ATJ5L8;
				GENERATE_INFOPLIST_FILE = YES;
				INFOPLIST_FILE = MovieAppForCS/Core/Info.plist;
				INFOPLIST_KEY_CFBundleDisplayName = Movies;
				INFOPLIST_KEY_UIApplicationSupportsIndirectInputEvents = YES;
				INFOPLIST_KEY_UILaunchStoryboardName = LaunchScreen;
				INFOPLIST_KEY_UISupportedInterfaceOrientations_iPad = "UIInterfaceOrientationPortrait UIInterfaceOrientationPortraitUpsideDown UIInterfaceOrientationLandscapeLeft UIInterfaceOrientationLandscapeRight";
				INFOPLIST_KEY_UISupportedInterfaceOrientations_iPhone = "UIInterfaceOrientationPortrait UIInterfaceOrientationLandscapeLeft UIInterfaceOrientationLandscapeRight";
				IPHONEOS_DEPLOYMENT_TARGET = 15.0;
				LD_RUNPATH_SEARCH_PATHS = (
					"$(inherited)",
					"@executable_path/Frameworks",
				);
				MARKETING_VERSION = 1.0;
				PRODUCT_BUNDLE_IDENTIFIER = co.berkan.MovieAppForCS;
				PRODUCT_NAME = "$(TARGET_NAME)";
				SUPPORTED_PLATFORMS = "iphoneos iphonesimulator";
				SUPPORTS_MACCATALYST = NO;
				SUPPORTS_MAC_DESIGNED_FOR_IPHONE_IPAD = YES;
				SWIFT_EMIT_LOC_STRINGS = YES;
				SWIFT_USE_INTEGRATED_DRIVER = NO;
				SWIFT_VERSION = 5.0;
				TARGETED_DEVICE_FAMILY = 1;
			};
			name = Debug;
		};
		7D7A2A8229354AFA00360F1D /* Release */ = {
			isa = XCBuildConfiguration;
			buildSettings = {
				ASSETCATALOG_COMPILER_APPICON_NAME = AppIcon;
				ASSETCATALOG_COMPILER_GLOBAL_ACCENT_COLOR_NAME = AccentColor;
				CODE_SIGN_STYLE = Automatic;
				CURRENT_PROJECT_VERSION = 1;
				DEVELOPMENT_TEAM = 38M3ATJ5L8;
				GENERATE_INFOPLIST_FILE = YES;
				INFOPLIST_FILE = MovieAppForCS/Core/Info.plist;
				INFOPLIST_KEY_CFBundleDisplayName = Movies;
				INFOPLIST_KEY_UIApplicationSupportsIndirectInputEvents = YES;
				INFOPLIST_KEY_UILaunchStoryboardName = LaunchScreen;
				INFOPLIST_KEY_UISupportedInterfaceOrientations_iPad = "UIInterfaceOrientationPortrait UIInterfaceOrientationPortraitUpsideDown UIInterfaceOrientationLandscapeLeft UIInterfaceOrientationLandscapeRight";
				INFOPLIST_KEY_UISupportedInterfaceOrientations_iPhone = "UIInterfaceOrientationPortrait UIInterfaceOrientationLandscapeLeft UIInterfaceOrientationLandscapeRight";
				IPHONEOS_DEPLOYMENT_TARGET = 15.0;
				LD_RUNPATH_SEARCH_PATHS = (
					"$(inherited)",
					"@executable_path/Frameworks",
				);
				MARKETING_VERSION = 1.0;
				PRODUCT_BUNDLE_IDENTIFIER = co.berkan.MovieAppForCS;
				PRODUCT_NAME = "$(TARGET_NAME)";
				SUPPORTED_PLATFORMS = "iphoneos iphonesimulator";
				SUPPORTS_MACCATALYST = NO;
				SUPPORTS_MAC_DESIGNED_FOR_IPHONE_IPAD = YES;
				SWIFT_EMIT_LOC_STRINGS = YES;
				SWIFT_USE_INTEGRATED_DRIVER = NO;
				SWIFT_VERSION = 5.0;
				TARGETED_DEVICE_FAMILY = 1;
			};
			name = Release;
		};
		7D7A2A8729354AFA00360F1D /* Debug */ = {
			isa = XCBuildConfiguration;
			buildSettings = {
				ALWAYS_EMBED_SWIFT_STANDARD_LIBRARIES = YES;
				"CODE_SIGN_IDENTITY[sdk=macosx*]" = "Apple Development";
				CODE_SIGN_STYLE = Automatic;
				CURRENT_PROJECT_VERSION = 1;
				DEVELOPMENT_TEAM = 38M3ATJ5L8;
				GENERATE_INFOPLIST_FILE = YES;
				MARKETING_VERSION = 1.0;
				PRODUCT_BUNDLE_IDENTIFIER = co.berkan.MovieAppForCSUITests;
				PRODUCT_NAME = "$(TARGET_NAME)";
				SWIFT_EMIT_LOC_STRINGS = NO;
				SWIFT_VERSION = 5.0;
				TARGETED_DEVICE_FAMILY = "1,2";
				TEST_TARGET_NAME = MovieAppForCS;
			};
			name = Debug;
		};
		7D7A2A8829354AFA00360F1D /* Release */ = {
			isa = XCBuildConfiguration;
			buildSettings = {
				ALWAYS_EMBED_SWIFT_STANDARD_LIBRARIES = YES;
				"CODE_SIGN_IDENTITY[sdk=macosx*]" = "Apple Development";
				CODE_SIGN_STYLE = Automatic;
				CURRENT_PROJECT_VERSION = 1;
				DEVELOPMENT_TEAM = 38M3ATJ5L8;
				GENERATE_INFOPLIST_FILE = YES;
				MARKETING_VERSION = 1.0;
				PRODUCT_BUNDLE_IDENTIFIER = co.berkan.MovieAppForCSUITests;
				PRODUCT_NAME = "$(TARGET_NAME)";
				SWIFT_EMIT_LOC_STRINGS = NO;
				SWIFT_VERSION = 5.0;
				TARGETED_DEVICE_FAMILY = "1,2";
				TEST_TARGET_NAME = MovieAppForCS;
			};
			name = Release;
		};
/* End XCBuildConfiguration section */

/* Begin XCConfigurationList section */
		7D7A2A5129354AF900360F1D /* Build configuration list for PBXProject "MovieAppForCS" */ = {
			isa = XCConfigurationList;
			buildConfigurations = (
				7D7A2A7E29354AFA00360F1D /* Debug */,
				7D7A2A7F29354AFA00360F1D /* Release */,
			);
			defaultConfigurationIsVisible = 0;
			defaultConfigurationName = Release;
		};
		7D7A2A8029354AFA00360F1D /* Build configuration list for PBXNativeTarget "MovieAppForCS" */ = {
			isa = XCConfigurationList;
			buildConfigurations = (
				7D7A2A8129354AFA00360F1D /* Debug */,
				7D7A2A8229354AFA00360F1D /* Release */,
			);
			defaultConfigurationIsVisible = 0;
			defaultConfigurationName = Release;
		};
		7D7A2A8629354AFA00360F1D /* Build configuration list for PBXNativeTarget "MovieAppForCSUITests" */ = {
			isa = XCConfigurationList;
			buildConfigurations = (
				7D7A2A8729354AFA00360F1D /* Debug */,
				7D7A2A8829354AFA00360F1D /* Release */,
			);
			defaultConfigurationIsVisible = 0;
			defaultConfigurationName = Release;
		};
/* End XCConfigurationList section */

/* Begin XCRemoteSwiftPackageReference section */
		7D7A2A8C29354C7600360F1D /* XCRemoteSwiftPackageReference "SnapKit" */ = {
			isa = XCRemoteSwiftPackageReference;
			repositoryURL = "https://github.com/SnapKit/SnapKit";
			requirement = {
				kind = exactVersion;
				version = 5.6.0;
			};
		};
		7D7A2A8F29354C8400360F1D /* XCRemoteSwiftPackageReference "Alamofire" */ = {
			isa = XCRemoteSwiftPackageReference;
			repositoryURL = "https://github.com/Alamofire/Alamofire";
			requirement = {
				kind = exactVersion;
				version = 5.6.4;
			};
		};
		7DD355072937F79800294D6B /* XCRemoteSwiftPackageReference "Kingfisher" */ = {
			isa = XCRemoteSwiftPackageReference;
			repositoryURL = "https://github.com/onevcat/Kingfisher";
			requirement = {
				kind = versionRange;
				maximumVersion = 7.3.0;
				minimumVersion = 7.0.0;
			};
		};
		7DE29838299CBFDE008495F4 /* XCRemoteSwiftPackageReference "firebase-ios-sdk" */ = {
			isa = XCRemoteSwiftPackageReference;
			repositoryURL = "https://github.com/firebase/firebase-ios-sdk";
			requirement = {
				kind = upToNextMajorVersion;
				minimumVersion = 9.0.0;
			};
		};
/* End XCRemoteSwiftPackageReference section */

/* Begin XCSwiftPackageProductDependency section */
		7D7A2A8D29354C7600360F1D /* SnapKit */ = {
			isa = XCSwiftPackageProductDependency;
			package = 7D7A2A8C29354C7600360F1D /* XCRemoteSwiftPackageReference "SnapKit" */;
			productName = SnapKit;
		};
		7D7A2A9029354C8400360F1D /* Alamofire */ = {
			isa = XCSwiftPackageProductDependency;
			package = 7D7A2A8F29354C8400360F1D /* XCRemoteSwiftPackageReference "Alamofire" */;
			productName = Alamofire;
		};
		7DD355082937F79800294D6B /* Kingfisher */ = {
			isa = XCSwiftPackageProductDependency;
			package = 7DD355072937F79800294D6B /* XCRemoteSwiftPackageReference "Kingfisher" */;
			productName = Kingfisher;
		};
		7DE29839299CBFDE008495F4 /* FirebaseAuth */ = {
			isa = XCSwiftPackageProductDependency;
			package = 7DE29838299CBFDE008495F4 /* XCRemoteSwiftPackageReference "firebase-ios-sdk" */;
			productName = FirebaseAuth;
		};
		7DE2983B299CBFDE008495F4 /* FirebaseDatabase */ = {
			isa = XCSwiftPackageProductDependency;
			package = 7DE29838299CBFDE008495F4 /* XCRemoteSwiftPackageReference "firebase-ios-sdk" */;
			productName = FirebaseDatabase;
		};
		7DE2983D299CBFDE008495F4 /* FirebaseFirestore */ = {
			isa = XCSwiftPackageProductDependency;
			package = 7DE29838299CBFDE008495F4 /* XCRemoteSwiftPackageReference "firebase-ios-sdk" */;
			productName = FirebaseFirestore;
		};
		7DE2983F299CBFDE008495F4 /* FirebaseStorage */ = {
			isa = XCSwiftPackageProductDependency;
			package = 7DE29838299CBFDE008495F4 /* XCRemoteSwiftPackageReference "firebase-ios-sdk" */;
			productName = FirebaseStorage;
		};
/* End XCSwiftPackageProductDependency section */
	};
	rootObject = 7D7A2A4E29354AF900360F1D /* Project object */;
}
